
Microsoft Visual Studio Solution File, Format Version 12.00
# Visual Studio Version 17
VisualStudioVersion = 17.10.35013.160
MinimumVisualStudioVersion = 10.0.40219.1
Project("{FAE04EC0-301F-11D3-BF4B-00C04F79EFBC}") = "XGIS", "XGIS\XGIS.csproj", "{6BD582EB-DC1D-49C4-A8AA-D3B9AEA44B18}"
EndProject
Global
	GlobalSection(SolutionConfigurationPlatforms) = preSolution
		Debug|Any CPU = Debug|Any CPU
		Release|Any CPU = Release|Any CPU
	EndGlobalSection
	GlobalSection(ProjectConfigurationPlatforms) = postSolution
		{6BD582EB-DC1D-49C4-A8AA-D3B9AEA44B18}.Debug|Any CPU.ActiveCfg = Debug|Any CPU
		{6BD582EB-DC1D-49C4-A8AA-D3B9AEA44B18}.Debug|Any CPU.Build.0 = Debug|Any CPU
		{6BD582EB-DC1D-49C4-A8AA-D3B9AEA44B18}.Release|Any CPU.ActiveCfg = Release|Any CPU
		{6BD582EB-DC1D-49C4-A8AA-D3B9AEA44B18}.Release|Any CPU.Build.0 = Release|Any CPU
	EndGlobalSection
	GlobalSection(SolutionProperties) = preSolution
		HideSolutionNode = FALSE
	EndGlobalSection
	GlobalSection(ExtensibilityGlobals) = postSolution
		SolutionGuid = {274F0634-A197-45CC-A3A0-D80D1459836D}
	EndGlobalSection
EndGlobal
